
Microsoft Visual Studio Solution File, Format Version 12.00
# Visual Studio Version 16
VisualStudioVersion = 16.0.32126.315
MinimumVisualStudioVersion = 10.0.40219.1
Project("{FAE04EC0-301F-11D3-BF4B-00C04F79EFBC}") = "classes", "classes\classes.csproj", "{5F5E4F7B-8E37-41E9-AF8E-5534ED496F1B}"
EndProject
Global
	GlobalSection(SolutionConfigurationPlatforms) = preSolution
		Debug|Any CPU = Debug|Any CPU
		Release|Any CPU = Release|Any CPU
	EndGlobalSection
	GlobalSection(ProjectConfigurationPlatforms) = postSolution
		{5F5E4F7B-8E37-41E9-AF8E-5534ED496F1B}.Debug|Any CPU.ActiveCfg = Debug|Any CPU
		{5F5E4F7B-8E37-41E9-AF8E-5534ED496F1B}.Debug|Any CPU.Build.0 = Debug|Any CPU
		{5F5E4F7B-8E37-41E9-AF8E-5534ED496F1B}.Release|Any CPU.ActiveCfg = Release|Any CPU
		{5F5E4F7B-8E37-41E9-AF8E-5534ED496F1B}.Release|Any CPU.Build.0 = Release|Any CPU
	EndGlobalSection
	GlobalSection(SolutionProperties) = preSolution
		HideSolutionNode = FALSE
	EndGlobalSection
	GlobalSection(ExtensibilityGlobals) = postSolution
		SolutionGuid = {142D66FE-FFC2-46FD-8004-7331AFBB1165}
	EndGlobalSection
EndGlobal
